
Microsoft Visual Studio Solution File, Format Version 12.00
# Visual Studio Version 17
VisualStudioVersion = 17.12.35707.178
MinimumVisualStudioVersion = 10.0.40219.1
Project("{FAE04EC0-301F-11D3-BF4B-00C04F79EFBC}") = "Recipe.API", "Recipe.API\Recipe.API.csproj", "{0882F38A-C036-4256-8FD4-7E53372BF0E1}"
	ProjectSection(ProjectDependencies) = postProject
		{13BE66CC-8A23-476B-B9E4-70932311E8C4} = {13BE66CC-8A23-476B-B9E4-70932311E8C4}
		{834C0463-6628-4BD4-86CB-5C5E6A931CE4} = {834C0463-6628-4BD4-86CB-5C5E6A931CE4}
		{911CACB3-B974-4F36-A643-6BF35D6E457A} = {911CACB3-B974-4F36-A643-6BF35D6E457A}
	EndProjectSection
EndProject
Project("{FAE04EC0-301F-11D3-BF4B-00C04F79EFBC}") = "Recipe.Service", "Recipe.Service\Recipe.Service.csproj", "{13BE66CC-8A23-476B-B9E4-70932311E8C4}"
	ProjectSection(ProjectDependencies) = postProject
		{10665352-9565-4538-9784-CC2DFB877D0C} = {10665352-9565-4538-9784-CC2DFB877D0C}
		{7F9C4E98-F1EC-4903-AC6A-1FBAE1CAF84D} = {7F9C4E98-F1EC-4903-AC6A-1FBAE1CAF84D}
		{834C0463-6628-4BD4-86CB-5C5E6A931CE4} = {834C0463-6628-4BD4-86CB-5C5E6A931CE4}
		{911CACB3-B974-4F36-A643-6BF35D6E457A} = {911CACB3-B974-4F36-A643-6BF35D6E457A}
		{CF7EDE8A-6F7B-4732-BFA1-1A240AFE7CAC} = {CF7EDE8A-6F7B-4732-BFA1-1A240AFE7CAC}
	EndProjectSection
EndProject
Project("{FAE04EC0-301F-11D3-BF4B-00C04F79EFBC}") = "Recipe.Service.Common", "Recipe.Service.Common\Recipe.Service.Common.csproj", "{911CACB3-B974-4F36-A643-6BF35D6E457A}"
EndProject
Project("{FAE04EC0-301F-11D3-BF4B-00C04F79EFBC}") = "Recipe.Repository", "Recipe.Repository\Recipe.Repository.csproj", "{7F9C4E98-F1EC-4903-AC6A-1FBAE1CAF84D}"
	ProjectSection(ProjectDependencies) = postProject
		{10665352-9565-4538-9784-CC2DFB877D0C} = {10665352-9565-4538-9784-CC2DFB877D0C}
		{834C0463-6628-4BD4-86CB-5C5E6A931CE4} = {834C0463-6628-4BD4-86CB-5C5E6A931CE4}
		{CF7EDE8A-6F7B-4732-BFA1-1A240AFE7CAC} = {CF7EDE8A-6F7B-4732-BFA1-1A240AFE7CAC}
	EndProjectSection
EndProject
Project("{FAE04EC0-301F-11D3-BF4B-00C04F79EFBC}") = "Recipe.Repository.Common", "Recipe.Repository.Common\Recipe.Repository.Common.csproj", "{10665352-9565-4538-9784-CC2DFB877D0C}"
EndProject
Project("{FAE04EC0-301F-11D3-BF4B-00C04F79EFBC}") = "Recipe.Common", "Recipe.Common\Recipe.Common.csproj", "{CF7EDE8A-6F7B-4732-BFA1-1A240AFE7CAC}"
EndProject
Project("{FAE04EC0-301F-11D3-BF4B-00C04F79EFBC}") = "Recipe.Model", "Recipe.Model\Recipe.Model.csproj", "{834C0463-6628-4BD4-86CB-5C5E6A931CE4}"
EndProject
Global
	GlobalSection(SolutionConfigurationPlatforms) = preSolution
		Debug|Any CPU = Debug|Any CPU
		Release|Any CPU = Release|Any CPU
	EndGlobalSection
	GlobalSection(ProjectConfigurationPlatforms) = postSolution
		{0882F38A-C036-4256-8FD4-7E53372BF0E1}.Debug|Any CPU.ActiveCfg = Debug|Any CPU
		{0882F38A-C036-4256-8FD4-7E53372BF0E1}.Debug|Any CPU.Build.0 = Debug|Any CPU
		{0882F38A-C036-4256-8FD4-7E53372BF0E1}.Release|Any CPU.ActiveCfg = Release|Any CPU
		{0882F38A-C036-4256-8FD4-7E53372BF0E1}.Release|Any CPU.Build.0 = Release|Any CPU
		{13BE66CC-8A23-476B-B9E4-70932311E8C4}.Debug|Any CPU.ActiveCfg = Debug|Any CPU
		{13BE66CC-8A23-476B-B9E4-70932311E8C4}.Debug|Any CPU.Build.0 = Debug|Any CPU
		{13BE66CC-8A23-476B-B9E4-70932311E8C4}.Release|Any CPU.ActiveCfg = Release|Any CPU
		{13BE66CC-8A23-476B-B9E4-70932311E8C4}.Release|Any CPU.Build.0 = Release|Any CPU
		{911CACB3-B974-4F36-A643-6BF35D6E457A}.Debug|Any CPU.ActiveCfg = Debug|Any CPU
		{911CACB3-B974-4F36-A643-6BF35D6E457A}.Debug|Any CPU.Build.0 = Debug|Any CPU
		{911CACB3-B974-4F36-A643-6BF35D6E457A}.Release|Any CPU.ActiveCfg = Release|Any CPU
		{911CACB3-B974-4F36-A643-6BF35D6E457A}.Release|Any CPU.Build.0 = Release|Any CPU
		{7F9C4E98-F1EC-4903-AC6A-1FBAE1CAF84D}.Debug|Any CPU.ActiveCfg = Debug|Any CPU
		{7F9C4E98-F1EC-4903-AC6A-1FBAE1CAF84D}.Debug|Any CPU.Build.0 = Debug|Any CPU
		{7F9C4E98-F1EC-4903-AC6A-1FBAE1CAF84D}.Release|Any CPU.ActiveCfg = Release|Any CPU
		{7F9C4E98-F1EC-4903-AC6A-1FBAE1CAF84D}.Release|Any CPU.Build.0 = Release|Any CPU
		{10665352-9565-4538-9784-CC2DFB877D0C}.Debug|Any CPU.ActiveCfg = Debug|Any CPU
		{10665352-9565-4538-9784-CC2DFB877D0C}.Debug|Any CPU.Build.0 = Debug|Any CPU
		{10665352-9565-4538-9784-CC2DFB877D0C}.Release|Any CPU.ActiveCfg = Release|Any CPU
		{10665352-9565-4538-9784-CC2DFB877D0C}.Release|Any CPU.Build.0 = Release|Any CPU
		{CF7EDE8A-6F7B-4732-BFA1-1A240AFE7CAC}.Debug|Any CPU.ActiveCfg = Debug|Any CPU
		{CF7EDE8A-6F7B-4732-BFA1-1A240AFE7CAC}.Debug|Any CPU.Build.0 = Debug|Any CPU
		{CF7EDE8A-6F7B-4732-BFA1-1A240AFE7CAC}.Release|Any CPU.ActiveCfg = Release|Any CPU
		{CF7EDE8A-6F7B-4732-BFA1-1A240AFE7CAC}.Release|Any CPU.Build.0 = Release|Any CPU
		{834C0463-6628-4BD4-86CB-5C5E6A931CE4}.Debug|Any CPU.ActiveCfg = Debug|Any CPU
		{834C0463-6628-4BD4-86CB-5C5E6A931CE4}.Debug|Any CPU.Build.0 = Debug|Any CPU
		{834C0463-6628-4BD4-86CB-5C5E6A931CE4}.Release|Any CPU.ActiveCfg = Release|Any CPU
		{834C0463-6628-4BD4-86CB-5C5E6A931CE4}.Release|Any CPU.Build.0 = Release|Any CPU
	EndGlobalSection
	GlobalSection(SolutionProperties) = preSolution
		HideSolutionNode = FALSE
	EndGlobalSection
EndGlobal
