
Microsoft Visual Studio Solution File, Format Version 12.00
# Visual Studio Version 17
VisualStudioVersion = 17.12.35707.178
MinimumVisualStudioVersion = 10.0.40219.1
Project("{FAE04EC0-301F-11D3-BF4B-00C04F79EFBC}") = "Recipe.API", "Recipe.API\Recipe.API.csproj", "{0882F38A-C036-4256-8FD4-7E53372BF0E1}"
EndProject
Project("{FAE04EC0-301F-11D3-BF4B-00C04F79EFBC}") = "Recipe.Service", "Recipe.Service\Recipe.Service.csproj", "{0FB08774-52A3-42B3-BAAE-E0F656E02BC3}"
EndProject
Global
	GlobalSection(SolutionConfigurationPlatforms) = preSolution
		Debug|Any CPU = Debug|Any CPU
		Release|Any CPU = Release|Any CPU
	EndGlobalSection
	GlobalSection(ProjectConfigurationPlatforms) = postSolution
		{0882F38A-C036-4256-8FD4-7E53372BF0E1}.Debug|Any CPU.ActiveCfg = Debug|Any CPU
		{0882F38A-C036-4256-8FD4-7E53372BF0E1}.Debug|Any CPU.Build.0 = Debug|Any CPU
		{0882F38A-C036-4256-8FD4-7E53372BF0E1}.Release|Any CPU.ActiveCfg = Release|Any CPU
		{0882F38A-C036-4256-8FD4-7E53372BF0E1}.Release|Any CPU.Build.0 = Release|Any CPU
		{0FB08774-52A3-42B3-BAAE-E0F656E02BC3}.Debug|Any CPU.ActiveCfg = Debug|Any CPU
		{0FB08774-52A3-42B3-BAAE-E0F656E02BC3}.Debug|Any CPU.Build.0 = Debug|Any CPU
		{0FB08774-52A3-42B3-BAAE-E0F656E02BC3}.Release|Any CPU.ActiveCfg = Release|Any CPU
		{0FB08774-52A3-42B3-BAAE-E0F656E02BC3}.Release|Any CPU.Build.0 = Release|Any CPU
	EndGlobalSection
	GlobalSection(SolutionProperties) = preSolution
		HideSolutionNode = FALSE
	EndGlobalSection
EndGlobal
